{
	"name": "@songhay/input-autocomplete",
	"version": "0.0.1",
	"lockfileVersion": 1,
	"requires": true,
	"dependencies": {
		"fnkg-keytranslator": {
			"version": "1.0.1",
			"resolved": "https://registry.npmjs.org/fnkg-keytranslator/-/fnkg-keytranslator-1.0.1.tgz",
			"integrity": "sha512-unwg8czMwmV2i51r0zXqkS+7v0vjPEZA3SjIe7RZXtwtS9ne9BJuOXtHI3QaMVMGSH/5bmGsHSeBu5GRRJeb5g=="
		},
		"lit-element": {
			"version": "2.3.1",
			"resolved": "https://registry.npmjs.org/lit-element/-/lit-element-2.3.1.tgz",
			"integrity": "sha512-tOcUAmeO3BzwiQ7FGWdsshNvC0HVHcTFYw/TLIImmKwXYoV0E7zCBASa8IJ7DiP4cen/Yoj454gS0qqTnIGsFA==",
			"requires": {
				"lit-html": "^1.1.1"
			}
		},
		"lit-html": {
			"version": "1.2.1",
			"resolved": "https://registry.npmjs.org/lit-html/-/lit-html-1.2.1.tgz",
			"integrity": "sha512-GSJHHXMGLZDzTRq59IUfL9FCdAlGfqNp/dEa7k7aBaaWD+JKaCjsAk9KYm2V12ItonVaYx2dprN66Zdm1AuBTQ=="
		},
		"ts-key-enum": {
			"version": "2.0.2",
			"resolved": "https://registry.npmjs.org/ts-key-enum/-/ts-key-enum-2.0.2.tgz",
			"integrity": "sha512-9S3QMUVixqX7hRRdeWTSDyz/EzO5Gf5iWkub0EYCnqDtDa4r11WKSOO2xLyMrGUq9Ltz+3jfk7uU0H4bTtBqbw=="
		}
	}
}
