{
	"name": "@songhay/input-autocomplete",
	"version": "0.0.1",
	"lockfileVersion": 1,
	"requires": true,
	"dependencies": {
		"@types/await-timeout": {
			"version": "0.3.1",
			"resolved": "https://registry.npmjs.org/@types/await-timeout/-/await-timeout-0.3.1.tgz",
			"integrity": "sha512-H5PzROT4KuP7XQDua13Iw8did//OCKAZ/3TL15DjvMzDonrk4HvhH1+tLko96f2guU6XaD3AoqRa49ZOwbwNig==",
			"dev": true
		},
		"await-timeout": {
			"version": "1.1.1",
			"resolved": "https://registry.npmjs.org/await-timeout/-/await-timeout-1.1.1.tgz",
			"integrity": "sha512-gsDXAS6XVc4Jt+7S92MPX6Noq69bdeXUPEaXd8dk3+yVr629LTDLxNt4j1ycBbrU+AStK2PhKIyNIM+xzWMVOQ=="
		},
		"fnkg-keytranslator": {
			"version": "1.0.1",
			"resolved": "https://registry.npmjs.org/fnkg-keytranslator/-/fnkg-keytranslator-1.0.1.tgz",
			"integrity": "sha512-unwg8czMwmV2i51r0zXqkS+7v0vjPEZA3SjIe7RZXtwtS9ne9BJuOXtHI3QaMVMGSH/5bmGsHSeBu5GRRJeb5g=="
		},
		"lit-element": {
			"version": "2.3.1",
			"resolved": "https://registry.npmjs.org/lit-element/-/lit-element-2.3.1.tgz",
			"integrity": "sha512-tOcUAmeO3BzwiQ7FGWdsshNvC0HVHcTFYw/TLIImmKwXYoV0E7zCBASa8IJ7DiP4cen/Yoj454gS0qqTnIGsFA==",
			"requires": {
				"lit-html": "^1.1.1"
			}
		},
		"lit-html": {
			"version": "1.2.1",
			"resolved": "https://registry.npmjs.org/lit-html/-/lit-html-1.2.1.tgz",
			"integrity": "sha512-GSJHHXMGLZDzTRq59IUfL9FCdAlGfqNp/dEa7k7aBaaWD+JKaCjsAk9KYm2V12ItonVaYx2dprN66Zdm1AuBTQ=="
		},
		"ts-key-enum": {
			"version": "2.0.2",
			"resolved": "https://registry.npmjs.org/ts-key-enum/-/ts-key-enum-2.0.2.tgz",
			"integrity": "sha512-9S3QMUVixqX7hRRdeWTSDyz/EzO5Gf5iWkub0EYCnqDtDa4r11WKSOO2xLyMrGUq9Ltz+3jfk7uU0H4bTtBqbw=="
		}
	}
}
